
Microsoft Visual Studio Solution File, Format Version 12.00
# Visual Studio 15
VisualStudioVersion = 15.0.27703.2042
MinimumVisualStudioVersion = 10.0.40219.1
Project("{FAE04EC0-301F-11D3-BF4B-00C04F79EFBC}") = "SCVFrontend", "SCVFrontend\SCVFrontend.csproj", "{E25FE219-DEC6-46A1-BB2E-BBE9D1030876}"
EndProject
Global
	GlobalSection(SolutionConfigurationPlatforms) = preSolution
		Debug|Any CPU = Debug|Any CPU
		Release|Any CPU = Release|Any CPU
	EndGlobalSection
	GlobalSection(ProjectConfigurationPlatforms) = postSolution
		{E25FE219-DEC6-46A1-BB2E-BBE9D1030876}.Debug|Any CPU.ActiveCfg = Debug|Any CPU
		{E25FE219-DEC6-46A1-BB2E-BBE9D1030876}.Debug|Any CPU.Build.0 = Debug|Any CPU
		{E25FE219-DEC6-46A1-BB2E-BBE9D1030876}.Release|Any CPU.ActiveCfg = Release|Any CPU
		{E25FE219-DEC6-46A1-BB2E-BBE9D1030876}.Release|Any CPU.Build.0 = Release|Any CPU
	EndGlobalSection
	GlobalSection(SolutionProperties) = preSolution
		HideSolutionNode = FALSE
	EndGlobalSection
	GlobalSection(ExtensibilityGlobals) = postSolution
		SolutionGuid = {AFC78713-5F58-4782-BC22-FBF779B1FCC8}
	EndGlobalSection
EndGlobal
